// !$*UTF8*$!
{
	archiveVersion = 1;
	classes = {
	};
	objectVersion = 46;
	objects = {

/* Begin PBXBuildFile section */
		E9A9FBDB18C6DAD200905F36 /* Foundation.framework in Frameworks */ = {isa = PBXBuildFile; fileRef = E9A9FBDA18C6DAD200905F36 /* Foundation.framework */; };
		E9A9FBDD18C6DAD200905F36 /* CoreGraphics.framework in Frameworks */ = {isa = PBXBuildFile; fileRef = E9A9FBDC18C6DAD200905F36 /* CoreGraphics.framework */; };
		E9A9FBDF18C6DAD200905F36 /* UIKit.framework in Frameworks */ = {isa = PBXBuildFile; fileRef = E9A9FBDE18C6DAD200905F36 /* UIKit.framework */; };
		E9A9FBE518C6DAD200905F36 /* InfoPlist.strings in Resources */ = {isa = PBXBuildFile; fileRef = E9A9FBE318C6DAD200905F36 /* InfoPlist.strings */; };
		E9A9FBE718C6DAD200905F36 /* main.m in Sources */ = {isa = PBXBuildFile; fileRef = E9A9FBE618C6DAD200905F36 /* main.m */; };
		E9A9FBEB18C6DAD200905F36 /* CCAppDelegate.m in Sources */ = {isa = PBXBuildFile; fileRef = E9A9FBEA18C6DAD200905F36 /* CCAppDelegate.m */; };
		E9A9FBEE18C6DAD200905F36 /* Main.storyboard in Resources */ = {isa = PBXBuildFile; fileRef = E9A9FBEC18C6DAD200905F36 /* Main.storyboard */; };
		E9A9FBF118C6DAD200905F36 /* CCViewController.m in Sources */ = {isa = PBXBuildFile; fileRef = E9A9FBF018C6DAD200905F36 /* CCViewController.m */; };
		E9A9FBF318C6DAD200905F36 /* Images.xcassets in Resources */ = {isa = PBXBuildFile; fileRef = E9A9FBF218C6DAD200905F36 /* Images.xcassets */; };
		E9A9FBFA18C6DAD200905F36 /* XCTest.framework in Frameworks */ = {isa = PBXBuildFile; fileRef = E9A9FBF918C6DAD200905F36 /* XCTest.framework */; };
		E9A9FBFB18C6DAD200905F36 /* Foundation.framework in Frameworks */ = {isa = PBXBuildFile; fileRef = E9A9FBDA18C6DAD200905F36 /* Foundation.framework */; };
		E9A9FBFC18C6DAD200905F36 /* UIKit.framework in Frameworks */ = {isa = PBXBuildFile; fileRef = E9A9FBDE18C6DAD200905F36 /* UIKit.framework */; };
		E9A9FC0418C6DAD200905F36 /* InfoPlist.strings in Resources */ = {isa = PBXBuildFile; fileRef = E9A9FC0218C6DAD200905F36 /* InfoPlist.strings */; };
		E9A9FC0618C6DAD200905F36 /* Git_TestTests.m in Sources */ = {isa = PBXBuildFile; fileRef = E9A9FC0518C6DAD200905F36 /* Git_TestTests.m */; };
		E9A9FC1118C6E11100905F36 /* CCTest.m in Sources */ = {isa = PBXBuildFile; fileRef = E9A9FC1018C6E11100905F36 /* CCTest.m */; };
/* End PBXBuildFile section */

/* Begin PBXContainerItemProxy section */
		E9A9FBFD18C6DAD200905F36 /* PBXContainerItemProxy */ = {
			isa = PBXContainerItemProxy;
			containerPortal = E9A9FBCF18C6DAD100905F36 /* Project object */;
			proxyType = 1;
			remoteGlobalIDString = E9A9FBD618C6DAD200905F36;
			remoteInfo = "Git Test";
		};
/* End PBXContainerItemProxy section */

/* Begin PBXFileReference section */
		E9A9FBD718C6DAD200905F36 /* Git Test.app */ = {isa = PBXFileReference; explicitFileType = wrapper.application; includeInIndex = 0; path = "Git Test.app"; sourceTree = BUILT_PRODUCTS_DIR; };
		E9A9FBDA18C6DAD200905F36 /* Foundation.framework */ = {isa = PBXFileReference; lastKnownFileType = wrapper.framework; name = Foundation.framework; path = System/Library/Frameworks/Foundation.framework; sourceTree = SDKROOT; };
		E9A9FBDC18C6DAD200905F36 /* CoreGraphics.framework */ = {isa = PBXFileReference; lastKnownFileType = wrapper.framework; name = CoreGraphics.framework; path = System/Library/Frameworks/CoreGraphics.framework; sourceTree = SDKROOT; };
		E9A9FBDE18C6DAD200905F36 /* UIKit.framework */ = {isa = PBXFileReference; lastKnownFileType = wrapper.framework; name = UIKit.framework; path = System/Library/Frameworks/UIKit.framework; sourceTree = SDKROOT; };
		E9A9FBE218C6DAD200905F36 /* Git Test-Info.plist */ = {isa = PBXFileReference; lastKnownFileType = text.plist.xml; path = "Git Test-Info.plist"; sourceTree = "<group>"; };
		E9A9FBE418C6DAD200905F36 /* en */ = {isa = PBXFileReference; lastKnownFileType = text.plist.strings; name = en; path = en.lproj/InfoPlist.strings; sourceTree = "<group>"; };
		E9A9FBE618C6DAD200905F36 /* main.m */ = {isa = PBXFileReference; lastKnownFileType = sourcecode.c.objc; path = main.m; sourceTree = "<group>"; };
		E9A9FBE818C6DAD200905F36 /* Git Test-Prefix.pch */ = {isa = PBXFileReference; lastKnownFileType = sourcecode.c.h; path = "Git Test-Prefix.pch"; sourceTree = "<group>"; };
		E9A9FBE918C6DAD200905F36 /* CCAppDelegate.h */ = {isa = PBXFileReference; lastKnownFileType = sourcecode.c.h; path = CCAppDelegate.h; sourceTree = "<group>"; };
		E9A9FBEA18C6DAD200905F36 /* CCAppDelegate.m */ = {isa = PBXFileReference; lastKnownFileType = sourcecode.c.objc; path = CCAppDelegate.m; sourceTree = "<group>"; };
		E9A9FBED18C6DAD200905F36 /* Base */ = {isa = PBXFileReference; lastKnownFileType = file.storyboard; name = Base; path = Base.lproj/Main.storyboard; sourceTree = "<group>"; };
		E9A9FBEF18C6DAD200905F36 /* CCViewController.h */ = {isa = PBXFileReference; lastKnownFileType = sourcecode.c.h; path = CCViewController.h; sourceTree = "<group>"; };
		E9A9FBF018C6DAD200905F36 /* CCViewController.m */ = {isa = PBXFileReference; lastKnownFileType = sourcecode.c.objc; path = CCViewController.m; sourceTree = "<group>"; };
		E9A9FBF218C6DAD200905F36 /* Images.xcassets */ = {isa = PBXFileReference; lastKnownFileType = folder.assetcatalog; path = Images.xcassets; sourceTree = "<group>"; };
		E9A9FBF818C6DAD200905F36 /* Git TestTests.xctest */ = {isa = PBXFileReference; explicitFileType = wrapper.cfbundle; includeInIndex = 0; path = "Git TestTests.xctest"; sourceTree = BUILT_PRODUCTS_DIR; };
		E9A9FBF918C6DAD200905F36 /* XCTest.framework */ = {isa = PBXFileReference; lastKnownFileType = wrapper.framework; name = XCTest.framework; path = Library/Frameworks/XCTest.framework; sourceTree = DEVELOPER_DIR; };
		E9A9FC0118C6DAD200905F36 /* Git TestTests-Info.plist */ = {isa = PBXFileReference; lastKnownFileType = text.plist.xml; path = "Git TestTests-Info.plist"; sourceTree = "<group>"; };
		E9A9FC0318C6DAD200905F36 /* en */ = {isa = PBXFileReference; lastKnownFileType = text.plist.strings; name = en; path = en.lproj/InfoPlist.strings; sourceTree = "<group>"; };
		E9A9FC0518C6DAD200905F36 /* Git_TestTests.m */ = {isa = PBXFileReference; lastKnownFileType = sourcecode.c.objc; path = Git_TestTests.m; sourceTree = "<group>"; };
		E9A9FC0F18C6E11100905F36 /* CCTest.h */ = {isa = PBXFileReference; fileEncoding = 4; lastKnownFileType = sourcecode.c.h; path = CCTest.h; sourceTree = "<group>"; };
		E9A9FC1018C6E11100905F36 /* CCTest.m */ = {isa = PBXFileReference; fileEncoding = 4; lastKnownFileType = sourcecode.c.objc; path = CCTest.m; sourceTree = "<group>"; };
/* End PBXFileReference section */

/* Begin PBXFrameworksBuildPhase section */
		E9A9FBD418C6DAD200905F36 /* Frameworks */ = {
			isa = PBXFrameworksBuildPhase;
			buildActionMask = 2147483647;
			files = (
				E9A9FBDD18C6DAD200905F36 /* CoreGraphics.framework in Frameworks */,
				E9A9FBDF18C6DAD200905F36 /* UIKit.framework in Frameworks */,
				E9A9FBDB18C6DAD200905F36 /* Foundation.framework in Frameworks */,
			);
			runOnlyForDeploymentPostprocessing = 0;
		};
		E9A9FBF518C6DAD200905F36 /* Frameworks */ = {
			isa = PBXFrameworksBuildPhase;
			buildActionMask = 2147483647;
			files = (
				E9A9FBFA18C6DAD200905F36 /* XCTest.framework in Frameworks */,
				E9A9FBFC18C6DAD200905F36 /* UIKit.framework in Frameworks */,
				E9A9FBFB18C6DAD200905F36 /* Foundation.framework in Frameworks */,
			);
			runOnlyForDeploymentPostprocessing = 0;
		};
/* End PBXFrameworksBuildPhase section */

/* Begin PBXGroup section */
		E9A9FBCE18C6DAD100905F36 = {
			isa = PBXGroup;
			children = (
				E9A9FC0F18C6E11100905F36 /* CCTest.h */,
				E9A9FC1018C6E11100905F36 /* CCTest.m */,
				E9A9FBE018C6DAD200905F36 /* Git Test */,
				E9A9FBFF18C6DAD200905F36 /* Git TestTests */,
				E9A9FBD918C6DAD200905F36 /* Frameworks */,
				E9A9FBD818C6DAD200905F36 /* Products */,
			);
			sourceTree = "<group>";
		};
		E9A9FBD818C6DAD200905F36 /* Products */ = {
			isa = PBXGroup;
			children = (
				E9A9FBD718C6DAD200905F36 /* Git Test.app */,
				E9A9FBF818C6DAD200905F36 /* Git TestTests.xctest */,
			);
			name = Products;
			sourceTree = "<group>";
		};
		E9A9FBD918C6DAD200905F36 /* Frameworks */ = {
			isa = PBXGroup;
			children = (
				E9A9FBDA18C6DAD200905F36 /* Foundation.framework */,
				E9A9FBDC18C6DAD200905F36 /* CoreGraphics.framework */,
				E9A9FBDE18C6DAD200905F36 /* UIKit.framework */,
				E9A9FBF918C6DAD200905F36 /* XCTest.framework */,
			);
			name = Frameworks;
			sourceTree = "<group>";
		};
		E9A9FBE018C6DAD200905F36 /* Git Test */ = {
			isa = PBXGroup;
			children = (
				E9A9FBE918C6DAD200905F36 /* CCAppDelegate.h */,
				E9A9FBEA18C6DAD200905F36 /* CCAppDelegate.m */,
				E9A9FBEC18C6DAD200905F36 /* Main.storyboard */,
				E9A9FBEF18C6DAD200905F36 /* CCViewController.h */,
				E9A9FBF018C6DAD200905F36 /* CCViewController.m */,
				E9A9FBF218C6DAD200905F36 /* Images.xcassets */,
				E9A9FBE118C6DAD200905F36 /* Supporting Files */,
			);
			path = "Git Test";
			sourceTree = "<group>";
		};
		E9A9FBE118C6DAD200905F36 /* Supporting Files */ = {
			isa = PBXGroup;
			children = (
				E9A9FBE218C6DAD200905F36 /* Git Test-Info.plist */,
				E9A9FBE318C6DAD200905F36 /* InfoPlist.strings */,
				E9A9FBE618C6DAD200905F36 /* main.m */,
				E9A9FBE818C6DAD200905F36 /* Git Test-Prefix.pch */,
			);
			name = "Supporting Files";
			sourceTree = "<group>";
		};
		E9A9FBFF18C6DAD200905F36 /* Git TestTests */ = {
			isa = PBXGroup;
			children = (
				E9A9FC0518C6DAD200905F36 /* Git_TestTests.m */,
				E9A9FC0018C6DAD200905F36 /* Supporting Files */,
			);
			path = "Git TestTests";
			sourceTree = "<group>";
		};
		E9A9FC0018C6DAD200905F36 /* Supporting Files */ = {
			isa = PBXGroup;
			children = (
				E9A9FC0118C6DAD200905F36 /* Git TestTests-Info.plist */,
				E9A9FC0218C6DAD200905F36 /* InfoPlist.strings */,
			);
			name = "Supporting Files";
			sourceTree = "<group>";
		};
/* End PBXGroup section */

/* Begin PBXNativeTarget section */
		E9A9FBD618C6DAD200905F36 /* Git Test */ = {
			isa = PBXNativeTarget;
			buildConfigurationList = E9A9FC0918C6DAD200905F36 /* Build configuration list for PBXNativeTarget "Git Test" */;
			buildPhases = (
				E9A9FBD318C6DAD200905F36 /* Sources */,
				E9A9FBD418C6DAD200905F36 /* Frameworks */,
				E9A9FBD518C6DAD200905F36 /* Resources */,
			);
			buildRules = (
			);
			dependencies = (
			);
			name = "Git Test";
			productName = "Git Test";
			productReference = E9A9FBD718C6DAD200905F36 /* Git Test.app */;
			productType = "com.apple.product-type.application";
		};
		E9A9FBF718C6DAD200905F36 /* Git TestTests */ = {
			isa = PBXNativeTarget;
			buildConfigurationList = E9A9FC0C18C6DAD200905F36 /* Build configuration list for PBXNativeTarget "Git TestTests" */;
			buildPhases = (
				E9A9FBF418C6DAD200905F36 /* Sources */,
				E9A9FBF518C6DAD200905F36 /* Frameworks */,
				E9A9FBF618C6DAD200905F36 /* Resources */,
			);
			buildRules = (
			);
			dependencies = (
				E9A9FBFE18C6DAD200905F36 /* PBXTargetDependency */,
			);
			name = "Git TestTests";
			productName = "Git TestTests";
			productReference = E9A9FBF818C6DAD200905F36 /* Git TestTests.xctest */;
			productType = "com.apple.product-type.bundle.unit-test";
		};
/* End PBXNativeTarget section */

/* Begin PBXProject section */
		E9A9FBCF18C6DAD100905F36 /* Project object */ = {
			isa = PBXProject;
			attributes = {
				CLASSPREFIX = CC;
				LastUpgradeCheck = 0500;
				ORGANIZATIONNAME = jzhone;
				TargetAttributes = {
					E9A9FBF718C6DAD200905F36 = {
						TestTargetID = E9A9FBD618C6DAD200905F36;
					};
				};
			};
			buildConfigurationList = E9A9FBD218C6DAD100905F36 /* Build configuration list for PBXProject "Git Test" */;
			compatibilityVersion = "Xcode 3.2";
			developmentRegion = English;
			hasScannedForEncodings = 0;
			knownRegions = (
				en,
				Base,
			);
			mainGroup = E9A9FBCE18C6DAD100905F36;
			productRefGroup = E9A9FBD818C6DAD200905F36 /* Products */;
			projectDirPath = "";
			projectRoot = "";
			targets = (
				E9A9FBD618C6DAD200905F36 /* Git Test */,
				E9A9FBF718C6DAD200905F36 /* Git TestTests */,
			);
		};
/* End PBXProject section */

/* Begin PBXResourcesBuildPhase section */
		E9A9FBD518C6DAD200905F36 /* Resources */ = {
			isa = PBXResourcesBuildPhase;
			buildActionMask = 2147483647;
			files = (
				E9A9FBF318C6DAD200905F36 /* Images.xcassets in Resources */,
				E9A9FBE518C6DAD200905F36 /* InfoPlist.strings in Resources */,
				E9A9FBEE18C6DAD200905F36 /* Main.storyboard in Resources */,
			);
			runOnlyForDeploymentPostprocessing = 0;
		};
		E9A9FBF618C6DAD200905F36 /* Resources */ = {
			isa = PBXResourcesBuildPhase;
			buildActionMask = 2147483647;
			files = (
				E9A9FC0418C6DAD200905F36 /* InfoPlist.strings in Resources */,
			);
			runOnlyForDeploymentPostprocessing = 0;
		};
/* End PBXResourcesBuildPhase section */

/* Begin PBXSourcesBuildPhase section */
		E9A9FBD318C6DAD200905F36 /* Sources */ = {
			isa = PBXSourcesBuildPhase;
			buildActionMask = 2147483647;
			files = (
				E9A9FBEB18C6DAD200905F36 /* CCAppDelegate.m in Sources */,
				E9A9FC1118C6E11100905F36 /* CCTest.m in Sources */,
				E9A9FBE718C6DAD200905F36 /* main.m in Sources */,
				E9A9FBF118C6DAD200905F36 /* CCViewController.m in Sources */,
			);
			runOnlyForDeploymentPostprocessing = 0;
		};
		E9A9FBF418C6DAD200905F36 /* Sources */ = {
			isa = PBXSourcesBuildPhase;
			buildActionMask = 2147483647;
			files = (
				E9A9FC0618C6DAD200905F36 /* Git_TestTests.m in Sources */,
			);
			runOnlyForDeploymentPostprocessing = 0;
		};
/* End PBXSourcesBuildPhase section */

/* Begin PBXTargetDependency section */
		E9A9FBFE18C6DAD200905F36 /* PBXTargetDependency */ = {
			isa = PBXTargetDependency;
			target = E9A9FBD618C6DAD200905F36 /* Git Test */;
			targetProxy = E9A9FBFD18C6DAD200905F36 /* PBXContainerItemProxy */;
		};
/* End PBXTargetDependency section */

/* Begin PBXVariantGroup section */
		E9A9FBE318C6DAD200905F36 /* InfoPlist.strings */ = {
			isa = PBXVariantGroup;
			children = (
				E9A9FBE418C6DAD200905F36 /* en */,
			);
			name = InfoPlist.strings;
			sourceTree = "<group>";
		};
		E9A9FBEC18C6DAD200905F36 /* Main.storyboard */ = {
			isa = PBXVariantGroup;
			children = (
				E9A9FBED18C6DAD200905F36 /* Base */,
			);
			name = Main.storyboard;
			sourceTree = "<group>";
		};
		E9A9FC0218C6DAD200905F36 /* InfoPlist.strings */ = {
			isa = PBXVariantGroup;
			children = (
				E9A9FC0318C6DAD200905F36 /* en */,
			);
			name = InfoPlist.strings;
			sourceTree = "<group>";
		};
/* End PBXVariantGroup section */

/* Begin XCBuildConfiguration section */
		E9A9FC0718C6DAD200905F36 /* Debug */ = {
			isa = XCBuildConfiguration;
			buildSettings = {
				ALWAYS_SEARCH_USER_PATHS = NO;
				ARCHS = "$(ARCHS_STANDARD_INCLUDING_64_BIT)";
				CLANG_CXX_LANGUAGE_STANDARD = "gnu++0x";
				CLANG_CXX_LIBRARY = "libc++";
				CLANG_ENABLE_MODULES = YES;
				CLANG_ENABLE_OBJC_ARC = YES;
				CLANG_WARN_BOOL_CONVERSION = YES;
				CLANG_WARN_CONSTANT_CONVERSION = YES;
				CLANG_WARN_DIRECT_OBJC_ISA_USAGE = YES_ERROR;
				CLANG_WARN_EMPTY_BODY = YES;
				CLANG_WARN_ENUM_CONVERSION = YES;
				CLANG_WARN_INT_CONVERSION = YES;
				CLANG_WARN_OBJC_ROOT_CLASS = YES_ERROR;
				CLANG_WARN__DUPLICATE_METHOD_MATCH = YES;
				"CODE_SIGN_IDENTITY[sdk=iphoneos*]" = "iPhone Developer";
				COPY_PHASE_STRIP = NO;
				GCC_C_LANGUAGE_STANDARD = gnu99;
				GCC_DYNAMIC_NO_PIC = NO;
				GCC_OPTIMIZATION_LEVEL = 0;
				GCC_PREPROCESSOR_DEFINITIONS = (
					"DEBUG=1",
					"$(inherited)",
				);
				GCC_SYMBOLS_PRIVATE_EXTERN = NO;
				GCC_WARN_64_TO_32_BIT_CONVERSION = YES;
				GCC_WARN_ABOUT_RETURN_TYPE = YES_ERROR;
				GCC_WARN_UNDECLARED_SELECTOR = YES;
				GCC_WARN_UNINITIALIZED_AUTOS = YES;
				GCC_WARN_UNUSED_FUNCTION = YES;
				GCC_WARN_UNUSED_VARIABLE = YES;
				IPHONEOS_DEPLOYMENT_TARGET = 7.0;
				ONLY_ACTIVE_ARCH = YES;
				SDKROOT = iphoneos;
			};
			name = Debug;
		};
		E9A9FC0818C6DAD200905F36 /* Release */ = {
			isa = XCBuildConfiguration;
			buildSettings = {
				ALWAYS_SEARCH_USER_PATHS = NO;
				ARCHS = "$(ARCHS_STANDARD_INCLUDING_64_BIT)";
				CLANG_CXX_LANGUAGE_STANDARD = "gnu++0x";
				CLANG_CXX_LIBRARY = "libc++";
				CLANG_ENABLE_MODULES = YES;
				CLANG_ENABLE_OBJC_ARC = YES;
				CLANG_WARN_BOOL_CONVERSION = YES;
				CLANG_WARN_CONSTANT_CONVERSION = YES;
				CLANG_WARN_DIRECT_OBJC_ISA_USAGE = YES_ERROR;
				CLANG_WARN_EMPTY_BODY = YES;
				CLANG_WARN_ENUM_CONVERSION = YES;
				CLANG_WARN_INT_CONVERSION = YES;
				CLANG_WARN_OBJC_ROOT_CLASS = YES_ERROR;
				CLANG_WARN__DUPLICATE_METHOD_MATCH = YES;
				"CODE_SIGN_IDENTITY[sdk=iphoneos*]" = "iPhone Developer";
				COPY_PHASE_STRIP = YES;
				ENABLE_NS_ASSERTIONS = NO;
				GCC_C_LANGUAGE_STANDARD = gnu99;
				GCC_WARN_64_TO_32_BIT_CONVERSION = YES;
				GCC_WARN_ABOUT_RETURN_TYPE = YES_ERROR;
				GCC_WARN_UNDECLARED_SELECTOR = YES;
				GCC_WARN_UNINITIALIZED_AUTOS = YES;
				GCC_WARN_UNUSED_FUNCTION = YES;
				GCC_WARN_UNUSED_VARIABLE = YES;
				IPHONEOS_DEPLOYMENT_TARGET = 7.0;
				SDKROOT = iphoneos;
				VALIDATE_PRODUCT = YES;
			};
			name = Release;
		};
		E9A9FC0A18C6DAD200905F36 /* Debug */ = {
			isa = XCBuildConfiguration;
			buildSettings = {
				ASSETCATALOG_COMPILER_APPICON_NAME = AppIcon;
				ASSETCATALOG_COMPILER_LAUNCHIMAGE_NAME = LaunchImage;
				GCC_PRECOMPILE_PREFIX_HEADER = YES;
				GCC_PREFIX_HEADER = "Git Test/Git Test-Prefix.pch";
				INFOPLIST_FILE = "Git Test/Git Test-Info.plist";
				PRODUCT_NAME = "$(TARGET_NAME)";
				WRAPPER_EXTENSION = app;
			};
			name = Debug;
		};
		E9A9FC0B18C6DAD200905F36 /* Release */ = {
			isa = XCBuildConfiguration;
			buildSettings = {
				ASSETCATALOG_COMPILER_APPICON_NAME = AppIcon;
				ASSETCATALOG_COMPILER_LAUNCHIMAGE_NAME = LaunchImage;
				GCC_PRECOMPILE_PREFIX_HEADER = YES;
				GCC_PREFIX_HEADER = "Git Test/Git Test-Prefix.pch";
				INFOPLIST_FILE = "Git Test/Git Test-Info.plist";
				PRODUCT_NAME = "$(TARGET_NAME)";
				WRAPPER_EXTENSION = app;
			};
			name = Release;
		};
		E9A9FC0D18C6DAD200905F36 /* Debug */ = {
			isa = XCBuildConfiguration;
			buildSettings = {
				ARCHS = "$(ARCHS_STANDARD_INCLUDING_64_BIT)";
				BUNDLE_LOADER = "$(BUILT_PRODUCTS_DIR)/Git Test.app/Git Test";
				FRAMEWORK_SEARCH_PATHS = (
					"$(SDKROOT)/Developer/Library/Frameworks",
					"$(inherited)",
					"$(DEVELOPER_FRAMEWORKS_DIR)",
				);
				GCC_PRECOMPILE_PREFIX_HEADER = YES;
				GCC_PREFIX_HEADER = "Git Test/Git Test-Prefix.pch";
				GCC_PREPROCESSOR_DEFINITIONS = (
					"DEBUG=1",
					"$(inherited)",
				);
				INFOPLIST_FILE = "Git TestTests/Git TestTests-Info.plist";
				PRODUCT_NAME = "$(TARGET_NAME)";
				TEST_HOST = "$(BUNDLE_LOADER)";
				WRAPPER_EXTENSION = xctest;
			};
			name = Debug;
		};
		E9A9FC0E18C6DAD200905F36 /* Release */ = {
			isa = XCBuildConfiguration;
			buildSettings = {
				ARCHS = "$(ARCHS_STANDARD_INCLUDING_64_BIT)";
				BUNDLE_LOADER = "$(BUILT_PRODUCTS_DIR)/Git Test.app/Git Test";
				FRAMEWORK_SEARCH_PATHS = (
					"$(SDKROOT)/Developer/Library/Frameworks",
					"$(inherited)",
					"$(DEVELOPER_FRAMEWORKS_DIR)",
				);
				GCC_PRECOMPILE_PREFIX_HEADER = YES;
				GCC_PREFIX_HEADER = "Git Test/Git Test-Prefix.pch";
				INFOPLIST_FILE = "Git TestTests/Git TestTests-Info.plist";
				PRODUCT_NAME = "$(TARGET_NAME)";
				TEST_HOST = "$(BUNDLE_LOADER)";
				WRAPPER_EXTENSION = xctest;
			};
			name = Release;
		};
/* End XCBuildConfiguration section */

/* Begin XCConfigurationList section */
		E9A9FBD218C6DAD100905F36 /* Build configuration list for PBXProject "Git Test" */ = {
			isa = XCConfigurationList;
			buildConfigurations = (
				E9A9FC0718C6DAD200905F36 /* Debug */,
				E9A9FC0818C6DAD200905F36 /* Release */,
			);
			defaultConfigurationIsVisible = 0;
			defaultConfigurationName = Release;
		};
		E9A9FC0918C6DAD200905F36 /* Build configuration list for PBXNativeTarget "Git Test" */ = {
			isa = XCConfigurationList;
			buildConfigurations = (
				E9A9FC0A18C6DAD200905F36 /* Debug */,
				E9A9FC0B18C6DAD200905F36 /* Release */,
			);
			defaultConfigurationIsVisible = 0;
		};
		E9A9FC0C18C6DAD200905F36 /* Build configuration list for PBXNativeTarget "Git TestTests" */ = {
			isa = XCConfigurationList;
			buildConfigurations = (
				E9A9FC0D18C6DAD200905F36 /* Debug */,
				E9A9FC0E18C6DAD200905F36 /* Release */,
			);
			defaultConfigurationIsVisible = 0;
		};
/* End XCConfigurationList section */
	};
	rootObject = E9A9FBCF18C6DAD100905F36 /* Project object */;
}
